// !$*UTF8*$!
{
	archiveVersion = 1;
	classes = {
	};
	objectVersion = 56;
	objects = {

/* Begin PBXBuildFile section */
		5241E0442CCFF37800D0DFAE /* Toast in Frameworks */ = {isa = PBXBuildFile; productRef = 5241E0432CCFF37800D0DFAE /* Toast */; };
		5241E0462CCFF4F100D0DFAE /* ZCatalystManager.swift in Sources */ = {isa = PBXBuildFile; fileRef = 5241E0452CCFF4F100D0DFAE /* ZCatalystManager.swift */; };
		5241E0492CCFF78F00D0DFAE /* LoginView.swift in Sources */ = {isa = PBXBuildFile; fileRef = 5241E0482CCFF78F00D0DFAE /* LoginView.swift */; };
		526F14252CCB5A6700B84474 /* CatalystFunctionApp.swift in Sources */ = {isa = PBXBuildFile; fileRef = 526F14242CCB5A6700B84474 /* CatalystFunctionApp.swift */; };
		526F14272CCB5A6700B84474 /* ContentView.swift in Sources */ = {isa = PBXBuildFile; fileRef = 526F14262CCB5A6700B84474 /* ContentView.swift */; };
		526F14292CCB5A6A00B84474 /* Assets.xcassets in Resources */ = {isa = PBXBuildFile; fileRef = 526F14282CCB5A6A00B84474 /* Assets.xcassets */; };
		526F142C2CCB5A6A00B84474 /* Preview Assets.xcassets in Resources */ = {isa = PBXBuildFile; fileRef = 526F142B2CCB5A6A00B84474 /* Preview Assets.xcassets */; };
		5280FCD02CCCA08D00535FBE /* AppDelegate.swift in Sources */ = {isa = PBXBuildFile; fileRef = 5280FCCF2CCCA08D00535FBE /* AppDelegate.swift */; };
		5280FCD32CCCA0AD00535FBE /* SceneDelegate.swift in Sources */ = {isa = PBXBuildFile; fileRef = 5280FCD22CCCA0AD00535FBE /* SceneDelegate.swift */; };
		5280FCD62CCCA12F00535FBE /* AppViewModel.swift in Sources */ = {isa = PBXBuildFile; fileRef = 5280FCD52CCCA12F00535FBE /* AppViewModel.swift */; };
		5280FCD82CCCA76C00535FBE /* AppConfigurationDevelopment.plist in Resources */ = {isa = PBXBuildFile; fileRef = 5280FCD72CCCA76C00535FBE /* AppConfigurationDevelopment.plist */; };
		5280FCDD2CCCA7E800535FBE /* HomeView.swift in Sources */ = {isa = PBXBuildFile; fileRef = 5280FCDC2CCCA7E800535FBE /* HomeView.swift */; };
		8AD16C4A9F847678968030C3 /* Pods_CatalystFunction.framework in Frameworks */ = {isa = PBXBuildFile; fileRef = 2BF0A2AF6FFD482CA32FDB83 /* Pods_CatalystFunction.framework */; };
/* End PBXBuildFile section */

/* Begin PBXFileReference section */
		2BF0A2AF6FFD482CA32FDB83 /* Pods_CatalystFunction.framework */ = {isa = PBXFileReference; explicitFileType = wrapper.framework; includeInIndex = 0; path = Pods_CatalystFunction.framework; sourceTree = BUILT_PRODUCTS_DIR; };
		5241E0452CCFF4F100D0DFAE /* ZCatalystManager.swift */ = {isa = PBXFileReference; lastKnownFileType = sourcecode.swift; path = ZCatalystManager.swift; sourceTree = "<group>"; };
		5241E0482CCFF78F00D0DFAE /* LoginView.swift */ = {isa = PBXFileReference; lastKnownFileType = sourcecode.swift; path = LoginView.swift; sourceTree = "<group>"; };
		526F14212CCB5A6700B84474 /* CatalystFunction.app */ = {isa = PBXFileReference; explicitFileType = wrapper.application; includeInIndex = 0; path = CatalystFunction.app; sourceTree = BUILT_PRODUCTS_DIR; };
		526F14242CCB5A6700B84474 /* CatalystFunctionApp.swift */ = {isa = PBXFileReference; lastKnownFileType = sourcecode.swift; path = CatalystFunctionApp.swift; sourceTree = "<group>"; };
		526F14262CCB5A6700B84474 /* ContentView.swift */ = {isa = PBXFileReference; lastKnownFileType = sourcecode.swift; path = ContentView.swift; sourceTree = "<group>"; };
		526F14282CCB5A6A00B84474 /* Assets.xcassets */ = {isa = PBXFileReference; lastKnownFileType = folder.assetcatalog; path = Assets.xcassets; sourceTree = "<group>"; };
		526F142B2CCB5A6A00B84474 /* Preview Assets.xcassets */ = {isa = PBXFileReference; lastKnownFileType = folder.assetcatalog; path = "Preview Assets.xcassets"; sourceTree = "<group>"; };
		5280FCCE2CCC9F7F00535FBE /* Info.plist */ = {isa = PBXFileReference; lastKnownFileType = text.plist; path = Info.plist; sourceTree = "<group>"; };
		5280FCCF2CCCA08D00535FBE /* AppDelegate.swift */ = {isa = PBXFileReference; lastKnownFileType = sourcecode.swift; path = AppDelegate.swift; sourceTree = "<group>"; };
		5280FCD22CCCA0AD00535FBE /* SceneDelegate.swift */ = {isa = PBXFileReference; lastKnownFileType = sourcecode.swift; path = SceneDelegate.swift; sourceTree = "<group>"; };
		5280FCD52CCCA12F00535FBE /* AppViewModel.swift */ = {isa = PBXFileReference; lastKnownFileType = sourcecode.swift; path = AppViewModel.swift; sourceTree = "<group>"; };
		5280FCD72CCCA76C00535FBE /* AppConfigurationDevelopment.plist */ = {isa = PBXFileReference; fileEncoding = 4; lastKnownFileType = text.plist.xml; path = AppConfigurationDevelopment.plist; sourceTree = "<group>"; };
		5280FCDC2CCCA7E800535FBE /* HomeView.swift */ = {isa = PBXFileReference; lastKnownFileType = sourcecode.swift; path = HomeView.swift; sourceTree = "<group>"; };
		A3419B6B1CBC9B67694F6C94 /* Pods-CatalystFunction.release.xcconfig */ = {isa = PBXFileReference; includeInIndex = 1; lastKnownFileType = text.xcconfig; name = "Pods-CatalystFunction.release.xcconfig"; path = "Target Support Files/Pods-CatalystFunction/Pods-CatalystFunction.release.xcconfig"; sourceTree = "<group>"; };
		D78EC98777147A1C389D0D7A /* Pods-CatalystFunction.debug.xcconfig */ = {isa = PBXFileReference; includeInIndex = 1; lastKnownFileType = text.xcconfig; name = "Pods-CatalystFunction.debug.xcconfig"; path = "Target Support Files/Pods-CatalystFunction/Pods-CatalystFunction.debug.xcconfig"; sourceTree = "<group>"; };
/* End PBXFileReference section */

/* Begin PBXFrameworksBuildPhase section */
		526F141E2CCB5A6700B84474 /* Frameworks */ = {
			isa = PBXFrameworksBuildPhase;
			buildActionMask = 2147483647;
			files = (
				5241E0442CCFF37800D0DFAE /* Toast in Frameworks */,
				8AD16C4A9F847678968030C3 /* Pods_CatalystFunction.framework in Frameworks */,
			);
			runOnlyForDeploymentPostprocessing = 0;
		};
/* End PBXFrameworksBuildPhase section */

/* Begin PBXGroup section */
		187E2D329D60C812820D9EDF /* Frameworks */ = {
			isa = PBXGroup;
			children = (
				2BF0A2AF6FFD482CA32FDB83 /* Pods_CatalystFunction.framework */,
			);
			name = Frameworks;
			sourceTree = "<group>";
		};
		5241E0472CCFF78600D0DFAE /* Login */ = {
			isa = PBXGroup;
			children = (
				5241E0482CCFF78F00D0DFAE /* LoginView.swift */,
			);
			path = Login;
			sourceTree = "<group>";
		};
		526F14182CCB5A6700B84474 = {
			isa = PBXGroup;
			children = (
				526F14232CCB5A6700B84474 /* CatalystFunction */,
				526F14222CCB5A6700B84474 /* Products */,
				9AC76D8156C95F71F9C06544 /* Pods */,
				187E2D329D60C812820D9EDF /* Frameworks */,
			);
			sourceTree = "<group>";
		};
		526F14222CCB5A6700B84474 /* Products */ = {
			isa = PBXGroup;
			children = (
				526F14212CCB5A6700B84474 /* CatalystFunction.app */,
			);
			name = Products;
			sourceTree = "<group>";
		};
		526F14232CCB5A6700B84474 /* CatalystFunction */ = {
			isa = PBXGroup;
			children = (
				5280FCD42CCCA11500535FBE /* App */,
				526F142A2CCB5A6A00B84474 /* Preview Content */,
				5280FCD12CCCA09200535FBE /* Resource */,
				5280FCDA2CCCA7BE00535FBE /* Catalyst */,
				526F14242CCB5A6700B84474 /* CatalystFunctionApp.swift */,
				526F14262CCB5A6700B84474 /* ContentView.swift */,
				5280FCCE2CCC9F7F00535FBE /* Info.plist */,
				5280FCD72CCCA76C00535FBE /* AppConfigurationDevelopment.plist */,
			);
			path = CatalystFunction;
			sourceTree = "<group>";
		};
		526F142A2CCB5A6A00B84474 /* Preview Content */ = {
			isa = PBXGroup;
			children = (
				526F142B2CCB5A6A00B84474 /* Preview Assets.xcassets */,
			);
			path = "Preview Content";
			sourceTree = "<group>";
		};
		5280FCD12CCCA09200535FBE /* Resource */ = {
			isa = PBXGroup;
			children = (
				526F14282CCB5A6A00B84474 /* Assets.xcassets */,
			);
			path = Resource;
			sourceTree = "<group>";
		};
		5280FCD42CCCA11500535FBE /* App */ = {
			isa = PBXGroup;
			children = (
				5241E0472CCFF78600D0DFAE /* Login */,
				5280FCCF2CCCA08D00535FBE /* AppDelegate.swift */,
				5280FCD22CCCA0AD00535FBE /* SceneDelegate.swift */,
				5280FCD52CCCA12F00535FBE /* AppViewModel.swift */,
				5241E0452CCFF4F100D0DFAE /* ZCatalystManager.swift */,
			);
			path = App;
			sourceTree = "<group>";
		};
		5280FCDA2CCCA7BE00535FBE /* Catalyst */ = {
			isa = PBXGroup;
			children = (
				5280FCDB2CCCA7DE00535FBE /* View */,
			);
			path = Catalyst;
			sourceTree = "<group>";
		};
		5280FCDB2CCCA7DE00535FBE /* View */ = {
			isa = PBXGroup;
			children = (
				5280FCDC2CCCA7E800535FBE /* HomeView.swift */,
			);
			path = View;
			sourceTree = "<group>";
		};
		9AC76D8156C95F71F9C06544 /* Pods */ = {
			isa = PBXGroup;
			children = (
				D78EC98777147A1C389D0D7A /* Pods-CatalystFunction.debug.xcconfig */,
				A3419B6B1CBC9B67694F6C94 /* Pods-CatalystFunction.release.xcconfig */,
			);
			path = Pods;
			sourceTree = "<group>";
		};
/* End PBXGroup section */

/* Begin PBXNativeTarget section */
		526F14202CCB5A6700B84474 /* CatalystFunction */ = {
			isa = PBXNativeTarget;
			buildConfigurationList = 526F142F2CCB5A6A00B84474 /* Build configuration list for PBXNativeTarget "CatalystFunction" */;
			buildPhases = (
				D1C41DAD194C0CA454D332E8 /* [CP] Check Pods Manifest.lock */,
				526F141D2CCB5A6700B84474 /* Sources */,
				526F141E2CCB5A6700B84474 /* Frameworks */,
				526F141F2CCB5A6700B84474 /* Resources */,
				E1881F66EA8CE93F4B38E4DC /* [CP] Embed Pods Frameworks */,
			);
			buildRules = (
			);
			dependencies = (
			);
			name = CatalystFunction;
			packageProductDependencies = (
				5241E0432CCFF37800D0DFAE /* Toast */,
			);
			productName = CatalystFunction;
			productReference = 526F14212CCB5A6700B84474 /* CatalystFunction.app */;
			productType = "com.apple.product-type.application";
		};
/* End PBXNativeTarget section */

/* Begin PBXProject section */
		526F14192CCB5A6700B84474 /* Project object */ = {
			isa = PBXProject;
			attributes = {
				BuildIndependentTargetsInParallel = 1;
				LastSwiftUpdateCheck = 1540;
				LastUpgradeCheck = 1540;
				TargetAttributes = {
					526F14202CCB5A6700B84474 = {
						CreatedOnToolsVersion = 15.4;
					};
				};
			};
			buildConfigurationList = 526F141C2CCB5A6700B84474 /* Build configuration list for PBXProject "CatalystFunction" */;
			compatibilityVersion = "Xcode 14.0";
			developmentRegion = en;
			hasScannedForEncodings = 0;
			knownRegions = (
				en,
				Base,
			);
			mainGroup = 526F14182CCB5A6700B84474;
			packageReferences = (
				5241E0422CCFF37800D0DFAE /* XCRemoteSwiftPackageReference "Toast" */,
			);
			productRefGroup = 526F14222CCB5A6700B84474 /* Products */;
			projectDirPath = "";
			projectRoot = "";
			targets = (
				526F14202CCB5A6700B84474 /* CatalystFunction */,
			);
		};
/* End PBXProject section */

/* Begin PBXResourcesBuildPhase section */
		526F141F2CCB5A6700B84474 /* Resources */ = {
			isa = PBXResourcesBuildPhase;
			buildActionMask = 2147483647;
			files = (
				5280FCD82CCCA76C00535FBE /* AppConfigurationDevelopment.plist in Resources */,
				526F142C2CCB5A6A00B84474 /* Preview Assets.xcassets in Resources */,
				526F14292CCB5A6A00B84474 /* Assets.xcassets in Resources */,
			);
			runOnlyForDeploymentPostprocessing = 0;
		};
/* End PBXResourcesBuildPhase section */

/* Begin PBXShellScriptBuildPhase section */
		D1C41DAD194C0CA454D332E8 /* [CP] Check Pods Manifest.lock */ = {
			isa = PBXShellScriptBuildPhase;
			buildActionMask = 2147483647;
			files = (
			);
			inputFileListPaths = (
			);
			inputPaths = (
				"${PODS_PODFILE_DIR_PATH}/Podfile.lock",
				"${PODS_ROOT}/Manifest.lock",
			);
			name = "[CP] Check Pods Manifest.lock";
			outputFileListPaths = (
			);
			outputPaths = (
				"$(DERIVED_FILE_DIR)/Pods-CatalystFunction-checkManifestLockResult.txt",
			);
			runOnlyForDeploymentPostprocessing = 0;
			shellPath = /bin/sh;
			shellScript = "diff \"${PODS_PODFILE_DIR_PATH}/Podfile.lock\" \"${PODS_ROOT}/Manifest.lock\" > /dev/null\nif [ $? != 0 ] ; then\n    # print error to STDERR\n    echo \"error: The sandbox is not in sync with the Podfile.lock. Run 'pod install' or update your CocoaPods installation.\" >&2\n    exit 1\nfi\n# This output is used by Xcode 'outputs' to avoid re-running this script phase.\necho \"SUCCESS\" > \"${SCRIPT_OUTPUT_FILE_0}\"\n";
			showEnvVarsInLog = 0;
		};
		E1881F66EA8CE93F4B38E4DC /* [CP] Embed Pods Frameworks */ = {
			isa = PBXShellScriptBuildPhase;
			buildActionMask = 2147483647;
			files = (
			);
			inputFileListPaths = (
				"${PODS_ROOT}/Target Support Files/Pods-CatalystFunction/Pods-CatalystFunction-frameworks-${CONFIGURATION}-input-files.xcfilelist",
			);
			name = "[CP] Embed Pods Frameworks";
			outputFileListPaths = (
				"${PODS_ROOT}/Target Support Files/Pods-CatalystFunction/Pods-CatalystFunction-frameworks-${CONFIGURATION}-output-files.xcfilelist",
			);
			runOnlyForDeploymentPostprocessing = 0;
			shellPath = /bin/sh;
			shellScript = "\"${PODS_ROOT}/Target Support Files/Pods-CatalystFunction/Pods-CatalystFunction-frameworks.sh\"\n";
			showEnvVarsInLog = 0;
		};
/* End PBXShellScriptBuildPhase section */

/* Begin PBXSourcesBuildPhase section */
		526F141D2CCB5A6700B84474 /* Sources */ = {
			isa = PBXSourcesBuildPhase;
			buildActionMask = 2147483647;
			files = (
				5280FCD62CCCA12F00535FBE /* AppViewModel.swift in Sources */,
				5241E0462CCFF4F100D0DFAE /* ZCatalystManager.swift in Sources */,
				5280FCD02CCCA08D00535FBE /* AppDelegate.swift in Sources */,
				526F14272CCB5A6700B84474 /* ContentView.swift in Sources */,
				5280FCDD2CCCA7E800535FBE /* HomeView.swift in Sources */,
				526F14252CCB5A6700B84474 /* CatalystFunctionApp.swift in Sources */,
				5241E0492CCFF78F00D0DFAE /* LoginView.swift in Sources */,
				5280FCD32CCCA0AD00535FBE /* SceneDelegate.swift in Sources */,
			);
			runOnlyForDeploymentPostprocessing = 0;
		};
/* End PBXSourcesBuildPhase section */

/* Begin XCBuildConfiguration section */
		526F142D2CCB5A6A00B84474 /* Debug */ = {
			isa = XCBuildConfiguration;
			buildSettings = {
				ALWAYS_SEARCH_USER_PATHS = NO;
				ASSETCATALOG_COMPILER_GENERATE_SWIFT_ASSET_SYMBOL_EXTENSIONS = YES;
				CLANG_ANALYZER_NONNULL = YES;
				CLANG_ANALYZER_NUMBER_OBJECT_CONVERSION = YES_AGGRESSIVE;
				CLANG_CXX_LANGUAGE_STANDARD = "gnu++20";
				CLANG_ENABLE_MODULES = YES;
				CLANG_ENABLE_OBJC_ARC = YES;
				CLANG_ENABLE_OBJC_WEAK = YES;
				CLANG_WARN_BLOCK_CAPTURE_AUTORELEASING = YES;
				CLANG_WARN_BOOL_CONVERSION = YES;
				CLANG_WARN_COMMA = YES;
				CLANG_WARN_CONSTANT_CONVERSION = YES;
				CLANG_WARN_DEPRECATED_OBJC_IMPLEMENTATIONS = YES;
				CLANG_WARN_DIRECT_OBJC_ISA_USAGE = YES_ERROR;
				CLANG_WARN_DOCUMENTATION_COMMENTS = YES;
				CLANG_WARN_EMPTY_BODY = YES;
				CLANG_WARN_ENUM_CONVERSION = YES;
				CLANG_WARN_INFINITE_RECURSION = YES;
				CLANG_WARN_INT_CONVERSION = YES;
				CLANG_WARN_NON_LITERAL_NULL_CONVERSION = YES;
				CLANG_WARN_OBJC_IMPLICIT_RETAIN_SELF = YES;
				CLANG_WARN_OBJC_LITERAL_CONVERSION = YES;
				CLANG_WARN_OBJC_ROOT_CLASS = YES_ERROR;
				CLANG_WARN_QUOTED_INCLUDE_IN_FRAMEWORK_HEADER = YES;
				CLANG_WARN_RANGE_LOOP_ANALYSIS = YES;
				CLANG_WARN_STRICT_PROTOTYPES = YES;
				CLANG_WARN_SUSPICIOUS_MOVE = YES;
				CLANG_WARN_UNGUARDED_AVAILABILITY = YES_AGGRESSIVE;
				CLANG_WARN_UNREACHABLE_CODE = YES;
				CLANG_WARN__DUPLICATE_METHOD_MATCH = YES;
				COPY_PHASE_STRIP = NO;
				DEBUG_INFORMATION_FORMAT = dwarf;
				ENABLE_STRICT_OBJC_MSGSEND = YES;
				ENABLE_TESTABILITY = YES;
				ENABLE_USER_SCRIPT_SANDBOXING = NO;
				GCC_C_LANGUAGE_STANDARD = gnu17;
				GCC_DYNAMIC_NO_PIC = NO;
				GCC_NO_COMMON_BLOCKS = YES;
				GCC_OPTIMIZATION_LEVEL = 0;
				GCC_PREPROCESSOR_DEFINITIONS = (
					"DEBUG=1",
					"$(inherited)",
				);
				GCC_WARN_64_TO_32_BIT_CONVERSION = YES;
				GCC_WARN_ABOUT_RETURN_TYPE = YES_ERROR;
				GCC_WARN_UNDECLARED_SELECTOR = YES;
				GCC_WARN_UNINITIALIZED_AUTOS = YES_AGGRESSIVE;
				GCC_WARN_UNUSED_FUNCTION = YES;
				GCC_WARN_UNUSED_VARIABLE = YES;
				IPHONEOS_DEPLOYMENT_TARGET = 16.0;
				LOCALIZATION_PREFERS_STRING_CATALOGS = YES;
				MTL_ENABLE_DEBUG_INFO = INCLUDE_SOURCE;
				MTL_FAST_MATH = YES;
				ONLY_ACTIVE_ARCH = YES;
				SDKROOT = iphoneos;
				SWIFT_ACTIVE_COMPILATION_CONDITIONS = "DEBUG $(inherited)";
				SWIFT_OPTIMIZATION_LEVEL = "-Onone";
			};
			name = Debug;
		};
		526F142E2CCB5A6A00B84474 /* Release */ = {
			isa = XCBuildConfiguration;
			buildSettings = {
				ALWAYS_SEARCH_USER_PATHS = NO;
				ASSETCATALOG_COMPILER_GENERATE_SWIFT_ASSET_SYMBOL_EXTENSIONS = YES;
				CLANG_ANALYZER_NONNULL = YES;
				CLANG_ANALYZER_NUMBER_OBJECT_CONVERSION = YES_AGGRESSIVE;
				CLANG_CXX_LANGUAGE_STANDARD = "gnu++20";
				CLANG_ENABLE_MODULES = YES;
				CLANG_ENABLE_OBJC_ARC = YES;
				CLANG_ENABLE_OBJC_WEAK = YES;
				CLANG_WARN_BLOCK_CAPTURE_AUTORELEASING = YES;
				CLANG_WARN_BOOL_CONVERSION = YES;
				CLANG_WARN_COMMA = YES;
				CLANG_WARN_CONSTANT_CONVERSION = YES;
				CLANG_WARN_DEPRECATED_OBJC_IMPLEMENTATIONS = YES;
				CLANG_WARN_DIRECT_OBJC_ISA_USAGE = YES_ERROR;
				CLANG_WARN_DOCUMENTATION_COMMENTS = YES;
				CLANG_WARN_EMPTY_BODY = YES;
				CLANG_WARN_ENUM_CONVERSION = YES;
				CLANG_WARN_INFINITE_RECURSION = YES;
				CLANG_WARN_INT_CONVERSION = YES;
				CLANG_WARN_NON_LITERAL_NULL_CONVERSION = YES;
				CLANG_WARN_OBJC_IMPLICIT_RETAIN_SELF = YES;
				CLANG_WARN_OBJC_LITERAL_CONVERSION = YES;
				CLANG_WARN_OBJC_ROOT_CLASS = YES_ERROR;
				CLANG_WARN_QUOTED_INCLUDE_IN_FRAMEWORK_HEADER = YES;
				CLANG_WARN_RANGE_LOOP_ANALYSIS = YES;
				CLANG_WARN_STRICT_PROTOTYPES = YES;
				CLANG_WARN_SUSPICIOUS_MOVE = YES;
				CLANG_WARN_UNGUARDED_AVAILABILITY = YES_AGGRESSIVE;
				CLANG_WARN_UNREACHABLE_CODE = YES;
				CLANG_WARN__DUPLICATE_METHOD_MATCH = YES;
				COPY_PHASE_STRIP = NO;
				DEBUG_INFORMATION_FORMAT = "dwarf-with-dsym";
				ENABLE_NS_ASSERTIONS = NO;
				ENABLE_STRICT_OBJC_MSGSEND = YES;
				ENABLE_USER_SCRIPT_SANDBOXING = NO;
				GCC_C_LANGUAGE_STANDARD = gnu17;
				GCC_NO_COMMON_BLOCKS = YES;
				GCC_WARN_64_TO_32_BIT_CONVERSION = YES;
				GCC_WARN_ABOUT_RETURN_TYPE = YES_ERROR;
				GCC_WARN_UNDECLARED_SELECTOR = YES;
				GCC_WARN_UNINITIALIZED_AUTOS = YES_AGGRESSIVE;
				GCC_WARN_UNUSED_FUNCTION = YES;
				GCC_WARN_UNUSED_VARIABLE = YES;
				IPHONEOS_DEPLOYMENT_TARGET = 16.0;
				LOCALIZATION_PREFERS_STRING_CATALOGS = YES;
				MTL_ENABLE_DEBUG_INFO = NO;
				MTL_FAST_MATH = YES;
				SDKROOT = iphoneos;
				SWIFT_COMPILATION_MODE = wholemodule;
				VALIDATE_PRODUCT = YES;
			};
			name = Release;
		};
		526F14302CCB5A6A00B84474 /* Debug */ = {
			isa = XCBuildConfiguration;
			baseConfigurationReference = D78EC98777147A1C389D0D7A /* Pods-CatalystFunction.debug.xcconfig */;
			buildSettings = {
				ASSETCATALOG_COMPILER_APPICON_NAME = AppIcon;
				ASSETCATALOG_COMPILER_GLOBAL_ACCENT_COLOR_NAME = AccentColor;
				CODE_SIGN_STYLE = Automatic;
				CURRENT_PROJECT_VERSION = 1;
				DEVELOPMENT_ASSET_PATHS = "\"CatalystFunction/Preview Content\"";
				DEVELOPMENT_TEAM = SRKA3M5T33;
				ENABLE_PREVIEWS = YES;
				GENERATE_INFOPLIST_FILE = YES;
				INFOPLIST_FILE = CatalystFunction/Info.plist;
				INFOPLIST_KEY_UIApplicationSceneManifest_Generation = YES;
				INFOPLIST_KEY_UIApplicationSupportsIndirectInputEvents = YES;
				INFOPLIST_KEY_UILaunchScreen_Generation = YES;
				INFOPLIST_KEY_UISupportedInterfaceOrientations_iPad = "UIInterfaceOrientationPortrait UIInterfaceOrientationPortraitUpsideDown UIInterfaceOrientationLandscapeLeft UIInterfaceOrientationLandscapeRight";
				INFOPLIST_KEY_UISupportedInterfaceOrientations_iPhone = "UIInterfaceOrientationPortrait UIInterfaceOrientationLandscapeLeft UIInterfaceOrientationLandscapeRight";
				IPHONEOS_DEPLOYMENT_TARGET = 16.0;
				LD_RUNPATH_SEARCH_PATHS = (
					"$(inherited)",
					"@executable_path/Frameworks",
				);
				MARKETING_VERSION = 1.0;
				PRODUCT_BUNDLE_IDENTIFIER = com.learn.catalyst.CatalystFunction;
				PRODUCT_NAME = "$(TARGET_NAME)";
				SUPPORTED_PLATFORMS = "iphoneos iphonesimulator";
				SUPPORTS_MACCATALYST = NO;
				SUPPORTS_MAC_DESIGNED_FOR_IPHONE_IPAD = NO;
				SUPPORTS_XR_DESIGNED_FOR_IPHONE_IPAD = NO;
				SWIFT_EMIT_LOC_STRINGS = YES;
				SWIFT_VERSION = 5.0;
				TARGETED_DEVICE_FAMILY = "1,2";
			};
			name = Debug;
		};
		526F14312CCB5A6A00B84474 /* Release */ = {
			isa = XCBuildConfiguration;
			baseConfigurationReference = A3419B6B1CBC9B67694F6C94 /* Pods-CatalystFunction.release.xcconfig */;
			buildSettings = {
				ASSETCATALOG_COMPILER_APPICON_NAME = AppIcon;
				ASSETCATALOG_COMPILER_GLOBAL_ACCENT_COLOR_NAME = AccentColor;
				CODE_SIGN_STYLE = Automatic;
				CURRENT_PROJECT_VERSION = 1;
				DEVELOPMENT_ASSET_PATHS = "\"CatalystFunction/Preview Content\"";
				DEVELOPMENT_TEAM = SRKA3M5T33;
				ENABLE_PREVIEWS = YES;
				GENERATE_INFOPLIST_FILE = YES;
				INFOPLIST_FILE = CatalystFunction/Info.plist;
				INFOPLIST_KEY_UIApplicationSceneManifest_Generation = YES;
				INFOPLIST_KEY_UIApplicationSupportsIndirectInputEvents = YES;
				INFOPLIST_KEY_UILaunchScreen_Generation = YES;
				INFOPLIST_KEY_UISupportedInterfaceOrientations_iPad = "UIInterfaceOrientationPortrait UIInterfaceOrientationPortraitUpsideDown UIInterfaceOrientationLandscapeLeft UIInterfaceOrientationLandscapeRight";
				INFOPLIST_KEY_UISupportedInterfaceOrientations_iPhone = "UIInterfaceOrientationPortrait UIInterfaceOrientationLandscapeLeft UIInterfaceOrientationLandscapeRight";
				IPHONEOS_DEPLOYMENT_TARGET = 16.0;
				LD_RUNPATH_SEARCH_PATHS = (
					"$(inherited)",
					"@executable_path/Frameworks",
				);
				MARKETING_VERSION = 1.0;
				PRODUCT_BUNDLE_IDENTIFIER = com.learn.catalyst.CatalystFunction;
				PRODUCT_NAME = "$(TARGET_NAME)";
				SUPPORTED_PLATFORMS = "iphoneos iphonesimulator";
				SUPPORTS_MACCATALYST = NO;
				SUPPORTS_MAC_DESIGNED_FOR_IPHONE_IPAD = NO;
				SUPPORTS_XR_DESIGNED_FOR_IPHONE_IPAD = NO;
				SWIFT_EMIT_LOC_STRINGS = YES;
				SWIFT_VERSION = 5.0;
				TARGETED_DEVICE_FAMILY = "1,2";
			};
			name = Release;
		};
/* End XCBuildConfiguration section */

/* Begin XCConfigurationList section */
		526F141C2CCB5A6700B84474 /* Build configuration list for PBXProject "CatalystFunction" */ = {
			isa = XCConfigurationList;
			buildConfigurations = (
				526F142D2CCB5A6A00B84474 /* Debug */,
				526F142E2CCB5A6A00B84474 /* Release */,
			);
			defaultConfigurationIsVisible = 0;
			defaultConfigurationName = Release;
		};
		526F142F2CCB5A6A00B84474 /* Build configuration list for PBXNativeTarget "CatalystFunction" */ = {
			isa = XCConfigurationList;
			buildConfigurations = (
				526F14302CCB5A6A00B84474 /* Debug */,
				526F14312CCB5A6A00B84474 /* Release */,
			);
			defaultConfigurationIsVisible = 0;
			defaultConfigurationName = Release;
		};
/* End XCConfigurationList section */

/* Begin XCRemoteSwiftPackageReference section */
		5241E0422CCFF37800D0DFAE /* XCRemoteSwiftPackageReference "Toast" */ = {
			isa = XCRemoteSwiftPackageReference;
			repositoryURL = "https://zrepository.zoho.com/zohocorp/user/Harisaravanan/Toast.git";
			requirement = {
				branch = master;
				kind = branch;
			};
		};
/* End XCRemoteSwiftPackageReference section */

/* Begin XCSwiftPackageProductDependency section */
		5241E0432CCFF37800D0DFAE /* Toast */ = {
			isa = XCSwiftPackageProductDependency;
			package = 5241E0422CCFF37800D0DFAE /* XCRemoteSwiftPackageReference "Toast" */;
			productName = Toast;
		};
/* End XCSwiftPackageProductDependency section */
	};
	rootObject = 526F14192CCB5A6700B84474 /* Project object */;
}
